// !$*UTF8*$!
{
	archiveVersion = 1;
	classes = {
	};
	objectVersion = 55;
	objects = {

/* Begin PBXBuildFile section */
		46031B5328FC7F1800911698 /* AppDelegate.swift in Sources */ = {isa = PBXBuildFile; fileRef = 46031B5228FC7F1800911698 /* AppDelegate.swift */; };
		46031B5528FC7F1800911698 /* SceneDelegate.swift in Sources */ = {isa = PBXBuildFile; fileRef = 46031B5428FC7F1800911698 /* SceneDelegate.swift */; };
		46031B5728FC7F1800911698 /* ViewController.swift in Sources */ = {isa = PBXBuildFile; fileRef = 46031B5628FC7F1800911698 /* ViewController.swift */; };
		46031B5A28FC7F1800911698 /* Main.storyboard in Resources */ = {isa = PBXBuildFile; fileRef = 46031B5828FC7F1800911698 /* Main.storyboard */; };
		46031B5C28FC7F1900911698 /* Assets.xcassets in Resources */ = {isa = PBXBuildFile; fileRef = 46031B5B28FC7F1900911698 /* Assets.xcassets */; };
		46031B5F28FC7F1900911698 /* LaunchScreen.storyboard in Resources */ = {isa = PBXBuildFile; fileRef = 46031B5D28FC7F1900911698 /* LaunchScreen.storyboard */; };
		46031B6A28FC7F8900911698 /* Mat.mm in Sources */ = {isa = PBXBuildFile; fileRef = 46031B6928FC7F8900911698 /* Mat.mm */; };
		D56CCABAB8AC58FABCBEF471 /* Pods_swift_opencv.framework in Frameworks */ = {isa = PBXBuildFile; fileRef = 664B2CAE98D0A75FF6CCF4B3 /* Pods_swift_opencv.framework */; };
/* End PBXBuildFile section */

/* Begin PBXFileReference section */
		46031B4F28FC7F1800911698 /* swift_opencv.app */ = {isa = PBXFileReference; explicitFileType = wrapper.application; includeInIndex = 0; path = swift_opencv.app; sourceTree = BUILT_PRODUCTS_DIR; };
		46031B5228FC7F1800911698 /* AppDelegate.swift */ = {isa = PBXFileReference; lastKnownFileType = sourcecode.swift; path = AppDelegate.swift; sourceTree = "<group>"; };
		46031B5428FC7F1800911698 /* SceneDelegate.swift */ = {isa = PBXFileReference; lastKnownFileType = sourcecode.swift; path = SceneDelegate.swift; sourceTree = "<group>"; };
		46031B5628FC7F1800911698 /* ViewController.swift */ = {isa = PBXFileReference; lastKnownFileType = sourcecode.swift; path = ViewController.swift; sourceTree = "<group>"; };
		46031B5928FC7F1800911698 /* Base */ = {isa = PBXFileReference; lastKnownFileType = file.storyboard; name = Base; path = Base.lproj/Main.storyboard; sourceTree = "<group>"; };
		46031B5B28FC7F1900911698 /* Assets.xcassets */ = {isa = PBXFileReference; lastKnownFileType = folder.assetcatalog; path = Assets.xcassets; sourceTree = "<group>"; };
		46031B5E28FC7F1900911698 /* Base */ = {isa = PBXFileReference; lastKnownFileType = file.storyboard; name = Base; path = Base.lproj/LaunchScreen.storyboard; sourceTree = "<group>"; };
		46031B6028FC7F1900911698 /* Info.plist */ = {isa = PBXFileReference; lastKnownFileType = text.plist.xml; path = Info.plist; sourceTree = "<group>"; };
		46031B6728FC7F7200911698 /* Mat.hpp */ = {isa = PBXFileReference; lastKnownFileType = sourcecode.cpp.h; path = Mat.hpp; sourceTree = "<group>"; };
		46031B6828FC7F8900911698 /* swift_opencv-Bridging-Header.h */ = {isa = PBXFileReference; lastKnownFileType = sourcecode.c.h; path = "swift_opencv-Bridging-Header.h"; sourceTree = "<group>"; };
		46031B6928FC7F8900911698 /* Mat.mm */ = {isa = PBXFileReference; lastKnownFileType = sourcecode.cpp.objcpp; path = Mat.mm; sourceTree = "<group>"; };
		664B2CAE98D0A75FF6CCF4B3 /* Pods_swift_opencv.framework */ = {isa = PBXFileReference; explicitFileType = wrapper.framework; includeInIndex = 0; path = Pods_swift_opencv.framework; sourceTree = BUILT_PRODUCTS_DIR; };
		9DFEBA6A8BC942F95DCA4CFC /* Pods-swift_opencv.debug.xcconfig */ = {isa = PBXFileReference; includeInIndex = 1; lastKnownFileType = text.xcconfig; name = "Pods-swift_opencv.debug.xcconfig"; path = "Target Support Files/Pods-swift_opencv/Pods-swift_opencv.debug.xcconfig"; sourceTree = "<group>"; };
		A9CFA4681AE8D2BC3D5255F5 /* Pods-swift_opencv.release.xcconfig */ = {isa = PBXFileReference; includeInIndex = 1; lastKnownFileType = text.xcconfig; name = "Pods-swift_opencv.release.xcconfig"; path = "Target Support Files/Pods-swift_opencv/Pods-swift_opencv.release.xcconfig"; sourceTree = "<group>"; };
/* End PBXFileReference section */

/* Begin PBXFrameworksBuildPhase section */
		46031B4C28FC7F1800911698 /* Frameworks */ = {
			isa = PBXFrameworksBuildPhase;
			buildActionMask = 2147483647;
			files = (
				D56CCABAB8AC58FABCBEF471 /* Pods_swift_opencv.framework in Frameworks */,
			);
			runOnlyForDeploymentPostprocessing = 0;
		};
/* End PBXFrameworksBuildPhase section */

/* Begin PBXGroup section */
		46031B4628FC7F1800911698 = {
			isa = PBXGroup;
			children = (
				46031B5128FC7F1800911698 /* swift_opencv */,
				46031B5028FC7F1800911698 /* Products */,
				A0C67AA35D7207EDC9094920 /* Pods */,
				A61B20C1D8AD919742003E58 /* Frameworks */,
			);
			sourceTree = "<group>";
		};
		46031B5028FC7F1800911698 /* Products */ = {
			isa = PBXGroup;
			children = (
				46031B4F28FC7F1800911698 /* swift_opencv.app */,
			);
			name = Products;
			sourceTree = "<group>";
		};
		46031B5128FC7F1800911698 /* swift_opencv */ = {
			isa = PBXGroup;
			children = (
				46031B5228FC7F1800911698 /* AppDelegate.swift */,
				46031B5428FC7F1800911698 /* SceneDelegate.swift */,
				46031B5628FC7F1800911698 /* ViewController.swift */,
				46031B5828FC7F1800911698 /* Main.storyboard */,
				46031B5B28FC7F1900911698 /* Assets.xcassets */,
				46031B5D28FC7F1900911698 /* LaunchScreen.storyboard */,
				46031B6028FC7F1900911698 /* Info.plist */,
				46031B6728FC7F7200911698 /* Mat.hpp */,
				46031B6928FC7F8900911698 /* Mat.mm */,
				46031B6828FC7F8900911698 /* swift_opencv-Bridging-Header.h */,
			);
			path = swift_opencv;
			sourceTree = "<group>";
		};
		A0C67AA35D7207EDC9094920 /* Pods */ = {
			isa = PBXGroup;
			children = (
				9DFEBA6A8BC942F95DCA4CFC /* Pods-swift_opencv.debug.xcconfig */,
				A9CFA4681AE8D2BC3D5255F5 /* Pods-swift_opencv.release.xcconfig */,
			);
			path = Pods;
			sourceTree = "<group>";
		};
		A61B20C1D8AD919742003E58 /* Frameworks */ = {
			isa = PBXGroup;
			children = (
				664B2CAE98D0A75FF6CCF4B3 /* Pods_swift_opencv.framework */,
			);
			name = Frameworks;
			sourceTree = "<group>";
		};
/* End PBXGroup section */

/* Begin PBXNativeTarget section */
		46031B4E28FC7F1800911698 /* swift_opencv */ = {
			isa = PBXNativeTarget;
			buildConfigurationList = 46031B6328FC7F1900911698 /* Build configuration list for PBXNativeTarget "swift_opencv" */;
			buildPhases = (
				8907D9759B71ED4D00D31886 /* [CP] Check Pods Manifest.lock */,
				46031B4B28FC7F1800911698 /* Sources */,
				46031B4C28FC7F1800911698 /* Frameworks */,
				46031B4D28FC7F1800911698 /* Resources */,
			);
			buildRules = (
			);
			dependencies = (
			);
			name = swift_opencv;
			productName = swift_opencv;
			productReference = 46031B4F28FC7F1800911698 /* swift_opencv.app */;
			productType = "com.apple.product-type.application";
		};
/* End PBXNativeTarget section */

/* Begin PBXProject section */
		46031B4728FC7F1800911698 /* Project object */ = {
			isa = PBXProject;
			attributes = {
				BuildIndependentTargetsInParallel = 1;
				LastSwiftUpdateCheck = 1400;
				LastUpgradeCheck = 1400;
				TargetAttributes = {
					46031B4E28FC7F1800911698 = {
						CreatedOnToolsVersion = 14.0.1;
						LastSwiftMigration = 1400;
					};
				};
			};
			buildConfigurationList = 46031B4A28FC7F1800911698 /* Build configuration list for PBXProject "swift_opencv" */;
			compatibilityVersion = "Xcode 13.0";
			developmentRegion = en;
			hasScannedForEncodings = 0;
			knownRegions = (
				en,
				Base,
			);
			mainGroup = 46031B4628FC7F1800911698;
			productRefGroup = 46031B5028FC7F1800911698 /* Products */;
			projectDirPath = "";
			projectRoot = "";
			targets = (
				46031B4E28FC7F1800911698 /* swift_opencv */,
			);
		};
/* End PBXProject section */

/* Begin PBXResourcesBuildPhase section */
		46031B4D28FC7F1800911698 /* Resources */ = {
			isa = PBXResourcesBuildPhase;
			buildActionMask = 2147483647;
			files = (
				46031B5F28FC7F1900911698 /* LaunchScreen.storyboard in Resources */,
				46031B5C28FC7F1900911698 /* Assets.xcassets in Resources */,
				46031B5A28FC7F1800911698 /* Main.storyboard in Resources */,
			);
			runOnlyForDeploymentPostprocessing = 0;
		};
/* End PBXResourcesBuildPhase section */

/* Begin PBXShellScriptBuildPhase section */
		8907D9759B71ED4D00D31886 /* [CP] Check Pods Manifest.lock */ = {
			isa = PBXShellScriptBuildPhase;
			buildActionMask = 2147483647;
			files = (
			);
			inputFileListPaths = (
			);
			inputPaths = (
				"${PODS_PODFILE_DIR_PATH}/Podfile.lock",
				"${PODS_ROOT}/Manifest.lock",
			);
			name = "[CP] Check Pods Manifest.lock";
			outputFileListPaths = (
			);
			outputPaths = (
				"$(DERIVED_FILE_DIR)/Pods-swift_opencv-checkManifestLockResult.txt",
			);
			runOnlyForDeploymentPostprocessing = 0;
			shellPath = /bin/sh;
			shellScript = "diff \"${PODS_PODFILE_DIR_PATH}/Podfile.lock\" \"${PODS_ROOT}/Manifest.lock\" > /dev/null\nif [ $? != 0 ] ; then\n    # print error to STDERR\n    echo \"error: The sandbox is not in sync with the Podfile.lock. Run 'pod install' or update your CocoaPods installation.\" >&2\n    exit 1\nfi\n# This output is used by Xcode 'outputs' to avoid re-running this script phase.\necho \"SUCCESS\" > \"${SCRIPT_OUTPUT_FILE_0}\"\n";
			showEnvVarsInLog = 0;
		};
/* End PBXShellScriptBuildPhase section */

/* Begin PBXSourcesBuildPhase section */
		46031B4B28FC7F1800911698 /* Sources */ = {
			isa = PBXSourcesBuildPhase;
			buildActionMask = 2147483647;
			files = (
				46031B5728FC7F1800911698 /* ViewController.swift in Sources */,
				46031B5328FC7F1800911698 /* AppDelegate.swift in Sources */,
				46031B6A28FC7F8900911698 /* Mat.mm in Sources */,
				46031B5528FC7F1800911698 /* SceneDelegate.swift in Sources */,
			);
			runOnlyForDeploymentPostprocessing = 0;
		};
/* End PBXSourcesBuildPhase section */

/* Begin PBXVariantGroup section */
		46031B5828FC7F1800911698 /* Main.storyboard */ = {
			isa = PBXVariantGroup;
			children = (
				46031B5928FC7F1800911698 /* Base */,
			);
			name = Main.storyboard;
			sourceTree = "<group>";
		};
		46031B5D28FC7F1900911698 /* LaunchScreen.storyboard */ = {
			isa = PBXVariantGroup;
			children = (
				46031B5E28FC7F1900911698 /* Base */,
			);
			name = LaunchScreen.storyboard;
			sourceTree = "<group>";
		};
/* End PBXVariantGroup section */

/* Begin XCBuildConfiguration section */
		46031B6128FC7F1900911698 /* Debug */ = {
			isa = XCBuildConfiguration;
			buildSettings = {
				ALWAYS_SEARCH_USER_PATHS = NO;
				CLANG_ANALYZER_NONNULL = YES;
				CLANG_ANALYZER_NUMBER_OBJECT_CONVERSION = YES_AGGRESSIVE;
				CLANG_CXX_LANGUAGE_STANDARD = "gnu++20";
				CLANG_ENABLE_MODULES = YES;
				CLANG_ENABLE_OBJC_ARC = YES;
				CLANG_ENABLE_OBJC_WEAK = YES;
				CLANG_WARN_BLOCK_CAPTURE_AUTORELEASING = YES;
				CLANG_WARN_BOOL_CONVERSION = YES;
				CLANG_WARN_COMMA = YES;
				CLANG_WARN_CONSTANT_CONVERSION = YES;
				CLANG_WARN_DEPRECATED_OBJC_IMPLEMENTATIONS = YES;
				CLANG_WARN_DIRECT_OBJC_ISA_USAGE = YES_ERROR;
				CLANG_WARN_DOCUMENTATION_COMMENTS = YES;
				CLANG_WARN_EMPTY_BODY = YES;
				CLANG_WARN_ENUM_CONVERSION = YES;
				CLANG_WARN_INFINITE_RECURSION = YES;
				CLANG_WARN_INT_CONVERSION = YES;
				CLANG_WARN_NON_LITERAL_NULL_CONVERSION = YES;
				CLANG_WARN_OBJC_IMPLICIT_RETAIN_SELF = YES;
				CLANG_WARN_OBJC_LITERAL_CONVERSION = YES;
				CLANG_WARN_OBJC_ROOT_CLASS = YES_ERROR;
				CLANG_WARN_QUOTED_INCLUDE_IN_FRAMEWORK_HEADER = YES;
				CLANG_WARN_RANGE_LOOP_ANALYSIS = YES;
				CLANG_WARN_STRICT_PROTOTYPES = YES;
				CLANG_WARN_SUSPICIOUS_MOVE = YES;
				CLANG_WARN_UNGUARDED_AVAILABILITY = YES_AGGRESSIVE;
				CLANG_WARN_UNREACHABLE_CODE = YES;
				CLANG_WARN__DUPLICATE_METHOD_MATCH = YES;
				COPY_PHASE_STRIP = NO;
				DEBUG_INFORMATION_FORMAT = dwarf;
				ENABLE_STRICT_OBJC_MSGSEND = YES;
				ENABLE_TESTABILITY = YES;
				GCC_C_LANGUAGE_STANDARD = gnu11;
				GCC_DYNAMIC_NO_PIC = NO;
				GCC_NO_COMMON_BLOCKS = YES;
				GCC_OPTIMIZATION_LEVEL = 0;
				GCC_PREPROCESSOR_DEFINITIONS = (
					"DEBUG=1",
					"$(inherited)",
				);
				GCC_WARN_64_TO_32_BIT_CONVERSION = YES;
				GCC_WARN_ABOUT_RETURN_TYPE = YES_ERROR;
				GCC_WARN_UNDECLARED_SELECTOR = YES;
				GCC_WARN_UNINITIALIZED_AUTOS = YES_AGGRESSIVE;
				GCC_WARN_UNUSED_FUNCTION = YES;
				GCC_WARN_UNUSED_VARIABLE = YES;
				IPHONEOS_DEPLOYMENT_TARGET = 16.0;
				MTL_ENABLE_DEBUG_INFO = INCLUDE_SOURCE;
				MTL_FAST_MATH = YES;
				ONLY_ACTIVE_ARCH = YES;
				SDKROOT = iphoneos;
				SWIFT_ACTIVE_COMPILATION_CONDITIONS = DEBUG;
				SWIFT_OPTIMIZATION_LEVEL = "-Onone";
			};
			name = Debug;
		};
		46031B6228FC7F1900911698 /* Release */ = {
			isa = XCBuildConfiguration;
			buildSettings = {
				ALWAYS_SEARCH_USER_PATHS = NO;
				CLANG_ANALYZER_NONNULL = YES;
				CLANG_ANALYZER_NUMBER_OBJECT_CONVERSION = YES_AGGRESSIVE;
				CLANG_CXX_LANGUAGE_STANDARD = "gnu++20";
				CLANG_ENABLE_MODULES = YES;
				CLANG_ENABLE_OBJC_ARC = YES;
				CLANG_ENABLE_OBJC_WEAK = YES;
				CLANG_WARN_BLOCK_CAPTURE_AUTORELEASING = YES;
				CLANG_WARN_BOOL_CONVERSION = YES;
				CLANG_WARN_COMMA = YES;
				CLANG_WARN_CONSTANT_CONVERSION = YES;
				CLANG_WARN_DEPRECATED_OBJC_IMPLEMENTATIONS = YES;
				CLANG_WARN_DIRECT_OBJC_ISA_USAGE = YES_ERROR;
				CLANG_WARN_DOCUMENTATION_COMMENTS = YES;
				CLANG_WARN_EMPTY_BODY = YES;
				CLANG_WARN_ENUM_CONVERSION = YES;
				CLANG_WARN_INFINITE_RECURSION = YES;
				CLANG_WARN_INT_CONVERSION = YES;
				CLANG_WARN_NON_LITERAL_NULL_CONVERSION = YES;
				CLANG_WARN_OBJC_IMPLICIT_RETAIN_SELF = YES;
				CLANG_WARN_OBJC_LITERAL_CONVERSION = YES;
				CLANG_WARN_OBJC_ROOT_CLASS = YES_ERROR;
				CLANG_WARN_QUOTED_INCLUDE_IN_FRAMEWORK_HEADER = YES;
				CLANG_WARN_RANGE_LOOP_ANALYSIS = YES;
				CLANG_WARN_STRICT_PROTOTYPES = YES;
				CLANG_WARN_SUSPICIOUS_MOVE = YES;
				CLANG_WARN_UNGUARDED_AVAILABILITY = YES_AGGRESSIVE;
				CLANG_WARN_UNREACHABLE_CODE = YES;
				CLANG_WARN__DUPLICATE_METHOD_MATCH = YES;
				COPY_PHASE_STRIP = NO;
				DEBUG_INFORMATION_FORMAT = "dwarf-with-dsym";
				ENABLE_NS_ASSERTIONS = NO;
				ENABLE_STRICT_OBJC_MSGSEND = YES;
				GCC_C_LANGUAGE_STANDARD = gnu11;
				GCC_NO_COMMON_BLOCKS = YES;
				GCC_WARN_64_TO_32_BIT_CONVERSION = YES;
				GCC_WARN_ABOUT_RETURN_TYPE = YES_ERROR;
				GCC_WARN_UNDECLARED_SELECTOR = YES;
				GCC_WARN_UNINITIALIZED_AUTOS = YES_AGGRESSIVE;
				GCC_WARN_UNUSED_FUNCTION = YES;
				GCC_WARN_UNUSED_VARIABLE = YES;
				IPHONEOS_DEPLOYMENT_TARGET = 16.0;
				MTL_ENABLE_DEBUG_INFO = NO;
				MTL_FAST_MATH = YES;
				SDKROOT = iphoneos;
				SWIFT_COMPILATION_MODE = wholemodule;
				SWIFT_OPTIMIZATION_LEVEL = "-O";
				VALIDATE_PRODUCT = YES;
			};
			name = Release;
		};
		46031B6428FC7F1900911698 /* Debug */ = {
			isa = XCBuildConfiguration;
			baseConfigurationReference = 9DFEBA6A8BC942F95DCA4CFC /* Pods-swift_opencv.debug.xcconfig */;
			buildSettings = {
				ASSETCATALOG_COMPILER_APPICON_NAME = AppIcon;
				ASSETCATALOG_COMPILER_GLOBAL_ACCENT_COLOR_NAME = AccentColor;
				CLANG_ENABLE_MODULES = YES;
				CODE_SIGN_STYLE = Automatic;
				CURRENT_PROJECT_VERSION = 1;
				DEVELOPMENT_TEAM = 8T2K49MFF5;
				GENERATE_INFOPLIST_FILE = YES;
				INFOPLIST_FILE = swift_opencv/Info.plist;
				INFOPLIST_KEY_UIApplicationSupportsIndirectInputEvents = YES;
				INFOPLIST_KEY_UILaunchStoryboardName = LaunchScreen;
				INFOPLIST_KEY_UIMainStoryboardFile = Main;
				INFOPLIST_KEY_UISupportedInterfaceOrientations_iPad = "UIInterfaceOrientationPortrait UIInterfaceOrientationPortraitUpsideDown UIInterfaceOrientationLandscapeLeft UIInterfaceOrientationLandscapeRight";
				INFOPLIST_KEY_UISupportedInterfaceOrientations_iPhone = "UIInterfaceOrientationPortrait UIInterfaceOrientationLandscapeLeft UIInterfaceOrientationLandscapeRight";
				LD_RUNPATH_SEARCH_PATHS = (
					"$(inherited)",
					"@executable_path/Frameworks",
				);
				MARKETING_VERSION = 1.0;
				PRODUCT_BUNDLE_IDENTIFIER = "com.example1.swift-opencv";
				PRODUCT_NAME = "$(TARGET_NAME)";
				SWIFT_EMIT_LOC_STRINGS = YES;
				SWIFT_OBJC_BRIDGING_HEADER = "swift_opencv/swift_opencv-Bridging-Header.h";
				SWIFT_OPTIMIZATION_LEVEL = "-Onone";
				SWIFT_VERSION = 5.0;
				TARGETED_DEVICE_FAMILY = "1,2";
			};
			name = Debug;
		};
		46031B6528FC7F1900911698 /* Release */ = {
			isa = XCBuildConfiguration;
			baseConfigurationReference = A9CFA4681AE8D2BC3D5255F5 /* Pods-swift_opencv.release.xcconfig */;
			buildSettings = {
				ASSETCATALOG_COMPILER_APPICON_NAME = AppIcon;
				ASSETCATALOG_COMPILER_GLOBAL_ACCENT_COLOR_NAME = AccentColor;
				CLANG_ENABLE_MODULES = YES;
				CODE_SIGN_STYLE = Automatic;
				CURRENT_PROJECT_VERSION = 1;
				DEVELOPMENT_TEAM = 8T2K49MFF5;
				GENERATE_INFOPLIST_FILE = YES;
				INFOPLIST_FILE = swift_opencv/Info.plist;
				INFOPLIST_KEY_UIApplicationSupportsIndirectInputEvents = YES;
				INFOPLIST_KEY_UILaunchStoryboardName = LaunchScreen;
				INFOPLIST_KEY_UIMainStoryboardFile = Main;
				INFOPLIST_KEY_UISupportedInterfaceOrientations_iPad = "UIInterfaceOrientationPortrait UIInterfaceOrientationPortraitUpsideDown UIInterfaceOrientationLandscapeLeft UIInterfaceOrientationLandscapeRight";
				INFOPLIST_KEY_UISupportedInterfaceOrientations_iPhone = "UIInterfaceOrientationPortrait UIInterfaceOrientationLandscapeLeft UIInterfaceOrientationLandscapeRight";
				LD_RUNPATH_SEARCH_PATHS = (
					"$(inherited)",
					"@executable_path/Frameworks",
				);
				MARKETING_VERSION = 1.0;
				PRODUCT_BUNDLE_IDENTIFIER = "com.example1.swift-opencv";
				PRODUCT_NAME = "$(TARGET_NAME)";
				SWIFT_EMIT_LOC_STRINGS = YES;
				SWIFT_OBJC_BRIDGING_HEADER = "swift_opencv/swift_opencv-Bridging-Header.h";
				SWIFT_VERSION = 5.0;
				TARGETED_DEVICE_FAMILY = "1,2";
			};
			name = Release;
		};
/* End XCBuildConfiguration section */

/* Begin XCConfigurationList section */
		46031B4A28FC7F1800911698 /* Build configuration list for PBXProject "swift_opencv" */ = {
			isa = XCConfigurationList;
			buildConfigurations = (
				46031B6128FC7F1900911698 /* Debug */,
				46031B6228FC7F1900911698 /* Release */,
			);
			defaultConfigurationIsVisible = 0;
			defaultConfigurationName = Release;
		};
		46031B6328FC7F1900911698 /* Build configuration list for PBXNativeTarget "swift_opencv" */ = {
			isa = XCConfigurationList;
			buildConfigurations = (
				46031B6428FC7F1900911698 /* Debug */,
				46031B6528FC7F1900911698 /* Release */,
			);
			defaultConfigurationIsVisible = 0;
			defaultConfigurationName = Release;
		};
/* End XCConfigurationList section */
	};
	rootObject = 46031B4728FC7F1800911698 /* Project object */;
}
